{
  "version": 4,
  "terraform_version": "0.12.2",
  "serial": 15,
  "lineage": "4f8b074e-5f8d-1844-bf6a-897be651c41d",
  "outputs": {},
  "resources": [
    {
      "mode": "data",
      "type": "azurerm_storage_account_sas",
      "name": "storage_sas",
      "provider": "provider.azurerm",
      "instances": [
        {
          "schema_version": 0,
          "attributes": {
            "connection_string": "DefaultEndpointsProtocol=https;AccountName=msfttfdemosa;AccountKey=gQEKunI/8LHV7xkdnhVvTPv0FcSUJe87xHQq4cv1ncmIK7oCRHJl8AUg7f6hpEbL+Y1vbTmpGpgusq5liTX6MQ==;EndpointSuffix=core.windows.net",
            "expiry": "2028–03–21",
            "https_only": false,
            "id": "3bee07df906081bf4f90f8a319d002b45bc3fb85e6383eef4ccef5b2aeee32f6",
            "permissions": [
              {
                "add": false,
                "create": false,
                "delete": false,
                "list": false,
                "process": false,
                "read": true,
                "update": false,
                "write": false
              }
            ],
            "resource_types": [
              {
                "container": false,
                "object": true,
                "service": false
              }
            ],
            "sas": "?sv=2017-07-29\u0026ss=b\u0026srt=o\u0026sp=r\u0026se=2028–03–21\u0026st=2018–03–21\u0026spr=https,http\u0026sig=Z1z7sefWb1MbtG5MC9tXYxd69HHdy3MEylLI8Fzh510%3D",
            "services": [
              {
                "blob": true,
                "file": false,
                "queue": false,
                "table": false
              }
            ],
            "start": "2018–03–21"
          },
          "depends_on": [
            "azurerm_storage_account.msft-tf-demo-sa"
          ]
        }
      ]
    },
    {
      "mode": "managed",
      "type": "azurerm_app_service_plan",
      "name": "msft-tf-demo-sp",
      "provider": "provider.azurerm",
      "instances": [
        {
          "schema_version": 0,
          "attributes": {
            "app_service_environment_id": null,
            "id": "/subscriptions/79d21867-c847-4bb1-ac8d-9d9883a6a542/resourceGroups/msft-tf-demo-rg/providers/Microsoft.Web/serverfarms/msft-tf-demo-service-plan",
            "is_xenon": false,
            "kind": "functionapp",
            "location": "eastus",
            "maximum_elastic_worker_count": 1,
            "maximum_number_of_workers": 0,
            "name": "msft-tf-demo-service-plan",
            "per_site_scaling": false,
            "properties": [
              {
                "app_service_environment_id": "",
                "per_site_scaling": false,
                "reserved": false
              }
            ],
            "reserved": false,
            "resource_group_name": "msft-tf-demo-rg",
            "sku": [
              {
                "capacity": 0,
                "size": "Y1",
                "tier": "Dynamic"
              }
            ],
            "tags": {}
          },
          "depends_on": [
            "azurerm_resource_group.msft-tf-demo-rg"
          ]
        }
      ]
    },
    {
      "mode": "managed",
      "type": "azurerm_function_app",
      "name": "msft-tf-demo-func",
      "provider": "provider.azurerm",
      "instances": [
        {
          "schema_version": 0,
          "attributes": {
            "app_service_plan_id": "/subscriptions/79d21867-c847-4bb1-ac8d-9d9883a6a542/resourceGroups/msft-tf-demo-rg/providers/Microsoft.Web/serverfarms/msft-tf-demo-service-plan",
            "app_settings": {
              "FUNCTIONS_WORKER_RUNTIME": "dotnet",
              "FUNCTION_APP_EDIT_MODE": "readonly",
              "HASH": "SJD/13O95QmxoGF8rCeKx7PJpPMW/D0bK6PdgTgXt8M=",
              "WEBSITE_RUN_FROM_PACKAGE": "https%3A%2F%2Fmsfttfdemosa.blob.core.windows.net%2Ffunc%2FMsftTfDemoFunction.zip%3Fsv%3D2017-07-29%26ss%3Db%26srt%3Do%26sp%3Dr%26se%3D2028%E2%80%9303%E2%80%9321%26st%3D2018%E2%80%9303%E2%80%9321%26spr%3Dhttps%2Chttp%26sig%3DZ1z7sefWb1MbtG5MC9tXYxd69HHdy3MEylLI8Fzh510%253D",
              "https_only": "true"
            },
            "client_affinity_enabled": false,
            "connection_string": [],
            "default_hostname": "msft-tf-demo-func.azurewebsites.net",
            "enable_builtin_logging": true,
            "enabled": true,
            "https_only": false,
            "id": "/subscriptions/79d21867-c847-4bb1-ac8d-9d9883a6a542/resourceGroups/msft-tf-demo-rg/providers/Microsoft.Web/sites/msft-tf-demo-func",
            "identity": [],
            "kind": "functionapp",
            "location": "eastus",
            "name": "msft-tf-demo-func",
            "outbound_ip_addresses": "40.114.51.181,40.114.49.220,40.114.10.246,40.114.0.217",
            "possible_outbound_ip_addresses": "40.114.51.181,40.114.49.220,40.114.10.246,40.114.0.217",
            "resource_group_name": "msft-tf-demo-rg",
            "site_config": [
              {
                "always_on": false,
                "linux_fx_version": "",
                "use_32_bit_worker_process": true,
                "websockets_enabled": false
              }
            ],
            "site_credential": [
              {
                "password": "DPiq6CkwPDhWltR1CeoLBSeAldNRAj5biL2rNxeuQvvQ3nbSWg2QwxRgg828",
                "username": "$msft-tf-demo-func"
              }
            ],
            "storage_connection_string": "DefaultEndpointsProtocol=https;AccountName=msfttfdemosa;AccountKey=gQEKunI/8LHV7xkdnhVvTPv0FcSUJe87xHQq4cv1ncmIK7oCRHJl8AUg7f6hpEbL+Y1vbTmpGpgusq5liTX6MQ==;EndpointSuffix=core.windows.net",
            "tags": {},
            "version": "~1"
          },
          "private": "bnVsbA==",
          "depends_on": [
            "azurerm_app_service_plan.msft-tf-demo-sp",
            "azurerm_resource_group.msft-tf-demo-rg",
            "azurerm_storage_account.msft-tf-demo-sa",
            "azurerm_storage_blob.msft-tf-demo-sb",
            "azurerm_storage_container.msft-tf-demo-sc",
            "data.azurerm_storage_account_sas.storage_sas"
          ]
        }
      ]
    },
    {
      "mode": "managed",
      "type": "azurerm_resource_group",
      "name": "msft-tf-demo-rg",
      "provider": "provider.azurerm",
      "instances": [
        {
          "schema_version": 0,
          "attributes": {
            "id": "/subscriptions/79d21867-c847-4bb1-ac8d-9d9883a6a542/resourceGroups/msft-tf-demo-rg",
            "location": "eastus",
            "name": "msft-tf-demo-rg",
            "tags": {}
          }
        }
      ]
    },
    {
      "mode": "managed",
      "type": "azurerm_storage_account",
      "name": "msft-tf-demo-sa",
      "provider": "provider.azurerm",
      "instances": [
        {
          "schema_version": 2,
          "attributes": {
            "access_tier": "",
            "account_encryption_source": "Microsoft.Storage",
            "account_kind": "Storage",
            "account_replication_type": "LRS",
            "account_tier": "Standard",
            "account_type": "Standard_LRS",
            "custom_domain": [],
            "enable_blob_encryption": true,
            "enable_file_encryption": true,
            "enable_https_traffic_only": false,
            "id": "/subscriptions/79d21867-c847-4bb1-ac8d-9d9883a6a542/resourceGroups/msft-tf-demo-rg/providers/Microsoft.Storage/storageAccounts/msfttfdemosa",
            "identity": [],
            "is_hns_enabled": false,
            "location": "eastus",
            "name": "msfttfdemosa",
            "network_rules": [],
            "primary_access_key": "gQEKunI/8LHV7xkdnhVvTPv0FcSUJe87xHQq4cv1ncmIK7oCRHJl8AUg7f6hpEbL+Y1vbTmpGpgusq5liTX6MQ==",
            "primary_blob_connection_string": "DefaultEndpointsProtocol=https;BlobEndpoint=https://msfttfdemosa.blob.core.windows.net/;AccountName=msfttfdemosa;AccountKey=gQEKunI/8LHV7xkdnhVvTPv0FcSUJe87xHQq4cv1ncmIK7oCRHJl8AUg7f6hpEbL+Y1vbTmpGpgusq5liTX6MQ==",
            "primary_blob_endpoint": "https://msfttfdemosa.blob.core.windows.net/",
            "primary_blob_host": "msfttfdemosa.blob.core.windows.net",
            "primary_connection_string": "DefaultEndpointsProtocol=https;AccountName=msfttfdemosa;AccountKey=gQEKunI/8LHV7xkdnhVvTPv0FcSUJe87xHQq4cv1ncmIK7oCRHJl8AUg7f6hpEbL+Y1vbTmpGpgusq5liTX6MQ==;EndpointSuffix=core.windows.net",
            "primary_dfs_endpoint": "",
            "primary_dfs_host": "",
            "primary_file_endpoint": "https://msfttfdemosa.file.core.windows.net/",
            "primary_file_host": "msfttfdemosa.file.core.windows.net",
            "primary_location": "eastus",
            "primary_queue_endpoint": "https://msfttfdemosa.queue.core.windows.net/",
            "primary_queue_host": "msfttfdemosa.queue.core.windows.net",
            "primary_table_endpoint": "https://msfttfdemosa.table.core.windows.net/",
            "primary_table_host": "msfttfdemosa.table.core.windows.net",
            "primary_web_endpoint": "",
            "primary_web_host": "",
            "resource_group_name": "msft-tf-demo-rg",
            "secondary_access_key": "YlKY3alOEJy2/NWhQZd1hcJDgdjXEH3zWQL67lptpXWLTOwpLVmgR2DthG1BTsmrrQZNQ9tX60AvDE97wFUxOg==",
            "secondary_blob_connection_string": "",
            "secondary_blob_endpoint": null,
            "secondary_blob_host": null,
            "secondary_connection_string": "DefaultEndpointsProtocol=https;AccountName=msfttfdemosa;AccountKey=YlKY3alOEJy2/NWhQZd1hcJDgdjXEH3zWQL67lptpXWLTOwpLVmgR2DthG1BTsmrrQZNQ9tX60AvDE97wFUxOg==;EndpointSuffix=core.windows.net",
            "secondary_dfs_endpoint": null,
            "secondary_dfs_host": null,
            "secondary_file_endpoint": null,
            "secondary_file_host": null,
            "secondary_location": "",
            "secondary_queue_endpoint": null,
            "secondary_queue_host": null,
            "secondary_table_endpoint": null,
            "secondary_table_host": null,
            "secondary_web_endpoint": null,
            "secondary_web_host": null,
            "tags": {}
          },
          "depends_on": [
            "azurerm_resource_group.msft-tf-demo-rg"
          ]
        }
      ]
    },
    {
      "mode": "managed",
      "type": "azurerm_storage_blob",
      "name": "msft-tf-demo-sb",
      "provider": "provider.azurerm",
      "instances": [
        {
          "schema_version": 1,
          "attributes": {
            "attempts": 1,
            "content_type": "application/octet-stream",
            "id": "https://msfttfdemosa.blob.core.windows.net/func/MsftTfDemoFunction.zip",
            "metadata": null,
            "name": "MsftTfDemoFunction.zip",
            "parallelism": 8,
            "resource_group_name": "msft-tf-demo-rg",
            "size": 0,
            "source": "./bin/debug/netstandard2.0/publish/MsftTfDemoFunction.zip",
            "source_uri": "",
            "storage_account_name": "msfttfdemosa",
            "storage_container_name": "func",
            "type": "block",
            "url": "https://msfttfdemosa.blob.core.windows.net/func/MsftTfDemoFunction.zip"
          },
          "private": "eyJzY2hlbWFfdmVyc2lvbiI6IjEifQ==",
          "depends_on": [
            "azurerm_resource_group.msft-tf-demo-rg",
            "azurerm_storage_account.msft-tf-demo-sa",
            "azurerm_storage_container.msft-tf-demo-sc"
          ]
        }
      ]
    },
    {
      "mode": "managed",
      "type": "azurerm_storage_container",
      "name": "msft-tf-demo-sc",
      "provider": "provider.azurerm",
      "instances": [
        {
          "schema_version": 1,
          "attributes": {
            "container_access_type": "private",
            "id": "https://msfttfdemosa.blob.core.windows.net/func",
            "name": "func",
            "properties": {
              "last_modified": "Thu, 27 Jun 2019 18:16:53 GMT",
              "lease_duration": "",
              "lease_state": "available",
              "lease_status": "unlocked"
            },
            "resource_group_name": "msft-tf-demo-rg",
            "storage_account_name": "msfttfdemosa"
          },
          "depends_on": [
            "azurerm_resource_group.msft-tf-demo-rg",
            "azurerm_storage_account.msft-tf-demo-sa"
          ]
        }
      ]
    }
  ]
}
